
Microsoft Visual Studio Solution File, Format Version 12.00
Project("{FAE04EC0-301F-11D3-BF4B-00C04F79EFBC}") = "FirstMy", "FirstMy\FirstMy.csproj", "{BB3F43B3-F3DE-4519-A7B6-EC86BA9ECC6B}"
EndProject
Project("{FAE04EC0-301F-11D3-BF4B-00C04F79EFBC}") = "Back", "Back\Back.csproj", "{A8342085-D551-496D-99F0-7602BB84E060}"
EndProject
Global
	GlobalSection(SolutionConfigurationPlatforms) = preSolution
		Debug|Any CPU = Debug|Any CPU
		Release|Any CPU = Release|Any CPU
	EndGlobalSection
	GlobalSection(ProjectConfigurationPlatforms) = postSolution
		{BB3F43B3-F3DE-4519-A7B6-EC86BA9ECC6B}.Debug|Any CPU.ActiveCfg = Debug|Any CPU
		{BB3F43B3-F3DE-4519-A7B6-EC86BA9ECC6B}.Debug|Any CPU.Build.0 = Debug|Any CPU
		{BB3F43B3-F3DE-4519-A7B6-EC86BA9ECC6B}.Release|Any CPU.ActiveCfg = Release|Any CPU
		{BB3F43B3-F3DE-4519-A7B6-EC86BA9ECC6B}.Release|Any CPU.Build.0 = Release|Any CPU
		{A8342085-D551-496D-99F0-7602BB84E060}.Debug|Any CPU.ActiveCfg = Debug|Any CPU
		{A8342085-D551-496D-99F0-7602BB84E060}.Debug|Any CPU.Build.0 = Debug|Any CPU
		{A8342085-D551-496D-99F0-7602BB84E060}.Release|Any CPU.ActiveCfg = Release|Any CPU
		{A8342085-D551-496D-99F0-7602BB84E060}.Release|Any CPU.Build.0 = Release|Any CPU
	EndGlobalSection
EndGlobal
